
Microsoft Visual Studio Solution File, Format Version 12.00
# Visual Studio Version 17
VisualStudioVersion = 17.13.35931.197 d17.13
MinimumVisualStudioVersion = 10.0.40219.1
Project("{FAE04EC0-301F-11D3-BF4B-00C04F79EFBC}") = "WorkingGroups", "WorkingGroups\WorkingGroups.csproj", "{DE448464-7DA1-4DFA-84AD-42BAE40B4F4A}"
EndProject
Global
	GlobalSection(SolutionConfigurationPlatforms) = preSolution
		Debug|Any CPU = Debug|Any CPU
		Release|Any CPU = Release|Any CPU
	EndGlobalSection
	GlobalSection(ProjectConfigurationPlatforms) = postSolution
		{DE448464-7DA1-4DFA-84AD-42BAE40B4F4A}.Debug|Any CPU.ActiveCfg = Debug|Any CPU
		{DE448464-7DA1-4DFA-84AD-42BAE40B4F4A}.Debug|Any CPU.Build.0 = Debug|Any CPU
		{DE448464-7DA1-4DFA-84AD-42BAE40B4F4A}.Release|Any CPU.ActiveCfg = Release|Any CPU
		{DE448464-7DA1-4DFA-84AD-42BAE40B4F4A}.Release|Any CPU.Build.0 = Release|Any CPU
	EndGlobalSection
	GlobalSection(SolutionProperties) = preSolution
		HideSolutionNode = FALSE
	EndGlobalSection
	GlobalSection(ExtensibilityGlobals) = postSolution
		SolutionGuid = {52196C95-73D4-40B8-9B5E-BC64C9EBE0AD}
	EndGlobalSection
EndGlobal
